
Microsoft Visual Studio Solution File, Format Version 12.00
# Visual Studio Version 17
VisualStudioVersion = 17.3.32901.215
MinimumVisualStudioVersion = 10.0.40219.1
Project("{FAE04EC0-301F-11D3-BF4B-00C04F79EFBC}") = "Midterm Project", "Midterm Project.csproj", "{FD4DC51A-3E71-44F7-AF61-5A20BCF63BCE}"
EndProject
Global
	GlobalSection(SolutionConfigurationPlatforms) = preSolution
		Debug|Any CPU = Debug|Any CPU
		Release|Any CPU = Release|Any CPU
	EndGlobalSection
	GlobalSection(ProjectConfigurationPlatforms) = postSolution
		{FD4DC51A-3E71-44F7-AF61-5A20BCF63BCE}.Debug|Any CPU.ActiveCfg = Debug|Any CPU
		{FD4DC51A-3E71-44F7-AF61-5A20BCF63BCE}.Debug|Any CPU.Build.0 = Debug|Any CPU
		{FD4DC51A-3E71-44F7-AF61-5A20BCF63BCE}.Release|Any CPU.ActiveCfg = Release|Any CPU
		{FD4DC51A-3E71-44F7-AF61-5A20BCF63BCE}.Release|Any CPU.Build.0 = Release|Any CPU
	EndGlobalSection
	GlobalSection(SolutionProperties) = preSolution
		HideSolutionNode = FALSE
	EndGlobalSection
	GlobalSection(ExtensibilityGlobals) = postSolution
		SolutionGuid = {C950EF36-F9F5-4F15-922E-01DFD56ACC6D}
	EndGlobalSection
EndGlobal
